PODS:
  - Alamofire (5.10.2)
  - GoogleMaps (10.6.0):
    - GoogleMaps/Maps (= 10.6.0)
  - GoogleMaps/Maps (10.6.0)
  - SwiftyJSON (5.0.2)

DEPENDENCIES:
  - Alamofire
  - GoogleMaps
  - SwiftyJSON

SPEC REPOS:
  https://github.com/CocoaPods/Specs.git:
    - Alamofire
    - GoogleMaps
    - SwiftyJSON

SPEC CHECKSUMS:
  Alamofire: 7193b3b92c74a07f85569e1a6c4f4237291e7496
  GoogleMaps: fb04793688b21f2450a928652f4685a86270a48d
  SwiftyJSON: f5b1bf1cd8dd53cd25887ac0eabcfd92301c6a5a

PODFILE CHECKSUM: 3d8322b33d44e634ea09bf5d4b5a29d0b3723e78

COCOAPODS: 1.15.2
