// !$*UTF8*$!
{
	archiveVersion = 1;
	classes = {
	};
	objectVersion = 46;
	objects = {

/* Begin PBXBuildFile section */
		0763F4AA35CA49D2618F34D7 /* Pods_ChargingStationsTests.framework in Frameworks */ = {isa = PBXBuildFile; fileRef = 85D2246EE2E11B21922A9D92 /* Pods_ChargingStationsTests.framework */; };
		2627A3A81DD3B90700010959 /* AppDelegate.swift in Sources */ = {isa = PBXBuildFile; fileRef = 2627A3A71DD3B90700010959 /* AppDelegate.swift */; };
		2627A3AA1DD3B90700010959 /* ViewController.swift in Sources */ = {isa = PBXBuildFile; fileRef = 2627A3A91DD3B90700010959 /* ViewController.swift */; };
		2627A3AD1DD3B90700010959 /* Main.storyboard in Resources */ = {isa = PBXBuildFile; fileRef = 2627A3AB1DD3B90700010959 /* Main.storyboard */; };
		2627A3AF1DD3B90700010959 /* Assets.xcassets in Resources */ = {isa = PBXBuildFile; fileRef = 2627A3AE1DD3B90700010959 /* Assets.xcassets */; };
		2627A3B21DD3B90700010959 /* LaunchScreen.storyboard in Resources */ = {isa = PBXBuildFile; fileRef = 2627A3B01DD3B90700010959 /* LaunchScreen.storyboard */; };
		2627A3BD1DD3B90700010959 /* ChargingStationsTests.swift in Sources */ = {isa = PBXBuildFile; fileRef = 2627A3BC1DD3B90700010959 /* ChargingStationsTests.swift */; };
		26F42D371DD3CA5F000BEDB6 /* CoreLocation.framework in Frameworks */ = {isa = PBXBuildFile; fileRef = 26F42D361DD3CA5F000BEDB6 /* CoreLocation.framework */; };
		920D35B8EE78BED0AE030E74 /* Pods_ChargingStations.framework in Frameworks */ = {isa = PBXBuildFile; fileRef = D1F478FED5F069DAA088D96A /* Pods_ChargingStations.framework */; };
/* End PBXBuildFile section */

/* Begin PBXContainerItemProxy section */
		2627A3B91DD3B90700010959 /* PBXContainerItemProxy */ = {
			isa = PBXContainerItemProxy;
			containerPortal = 2627A39C1DD3B90700010959 /* Project object */;
			proxyType = 1;
			remoteGlobalIDString = 2627A3A31DD3B90700010959;
			remoteInfo = ChargingStations;
		};
/* End PBXContainerItemProxy section */

/* Begin PBXFileReference section */
		0B074A5236D8DCB040B9762F /* Pods-ChargingStationsTests.release.xcconfig */ = {isa = PBXFileReference; includeInIndex = 1; lastKnownFileType = text.xcconfig; name = "Pods-ChargingStationsTests.release.xcconfig"; path = "Pods/Target Support Files/Pods-ChargingStationsTests/Pods-ChargingStationsTests.release.xcconfig"; sourceTree = "<group>"; };
		2627A3A41DD3B90700010959 /* ChargingStations.app */ = {isa = PBXFileReference; explicitFileType = wrapper.application; includeInIndex = 0; path = ChargingStations.app; sourceTree = BUILT_PRODUCTS_DIR; };
		2627A3A71DD3B90700010959 /* AppDelegate.swift */ = {isa = PBXFileReference; lastKnownFileType = sourcecode.swift; path = AppDelegate.swift; sourceTree = "<group>"; };
		2627A3A91DD3B90700010959 /* ViewController.swift */ = {isa = PBXFileReference; lastKnownFileType = sourcecode.swift; path = ViewController.swift; sourceTree = "<group>"; };
		2627A3AC1DD3B90700010959 /* Base */ = {isa = PBXFileReference; lastKnownFileType = file.storyboard; name = Base; path = Base.lproj/Main.storyboard; sourceTree = "<group>"; };
		2627A3AE1DD3B90700010959 /* Assets.xcassets */ = {isa = PBXFileReference; lastKnownFileType = folder.assetcatalog; path = Assets.xcassets; sourceTree = "<group>"; };
		2627A3B11DD3B90700010959 /* Base */ = {isa = PBXFileReference; lastKnownFileType = file.storyboard; name = Base; path = Base.lproj/LaunchScreen.storyboard; sourceTree = "<group>"; };
		2627A3B31DD3B90700010959 /* Info.plist */ = {isa = PBXFileReference; lastKnownFileType = text.plist.xml; path = Info.plist; sourceTree = "<group>"; };
		2627A3B81DD3B90700010959 /* ChargingStationsTests.xctest */ = {isa = PBXFileReference; explicitFileType = wrapper.cfbundle; includeInIndex = 0; path = ChargingStationsTests.xctest; sourceTree = BUILT_PRODUCTS_DIR; };
		2627A3BC1DD3B90700010959 /* ChargingStationsTests.swift */ = {isa = PBXFileReference; lastKnownFileType = sourcecode.swift; path = ChargingStationsTests.swift; sourceTree = "<group>"; };
		2627A3BE1DD3B90700010959 /* Info.plist */ = {isa = PBXFileReference; lastKnownFileType = text.plist.xml; path = Info.plist; sourceTree = "<group>"; };
		26F42D361DD3CA5F000BEDB6 /* CoreLocation.framework */ = {isa = PBXFileReference; lastKnownFileType = wrapper.framework; name = CoreLocation.framework; path = System/Library/Frameworks/CoreLocation.framework; sourceTree = SDKROOT; };
		58238CB33286C98B7F136FC3 /* Pods-ChargingStations.debug.xcconfig */ = {isa = PBXFileReference; includeInIndex = 1; lastKnownFileType = text.xcconfig; name = "Pods-ChargingStations.debug.xcconfig"; path = "Pods/Target Support Files/Pods-ChargingStations/Pods-ChargingStations.debug.xcconfig"; sourceTree = "<group>"; };
		7B0BD0B99D9081FD2B604AAA /* Pods-ChargingStationsTests.debug.xcconfig */ = {isa = PBXFileReference; includeInIndex = 1; lastKnownFileType = text.xcconfig; name = "Pods-ChargingStationsTests.debug.xcconfig"; path = "Pods/Target Support Files/Pods-ChargingStationsTests/Pods-ChargingStationsTests.debug.xcconfig"; sourceTree = "<group>"; };
		85D2246EE2E11B21922A9D92 /* Pods_ChargingStationsTests.framework */ = {isa = PBXFileReference; explicitFileType = wrapper.framework; includeInIndex = 0; path = Pods_ChargingStationsTests.framework; sourceTree = BUILT_PRODUCTS_DIR; };
		D023F104EE86E75E2D519C4E /* Pods-ChargingStations.release.xcconfig */ = {isa = PBXFileReference; includeInIndex = 1; lastKnownFileType = text.xcconfig; name = "Pods-ChargingStations.release.xcconfig"; path = "Pods/Target Support Files/Pods-ChargingStations/Pods-ChargingStations.release.xcconfig"; sourceTree = "<group>"; };
		D1F478FED5F069DAA088D96A /* Pods_ChargingStations.framework */ = {isa = PBXFileReference; explicitFileType = wrapper.framework; includeInIndex = 0; path = Pods_ChargingStations.framework; sourceTree = BUILT_PRODUCTS_DIR; };
/* End PBXFileReference section */

/* Begin PBXFrameworksBuildPhase section */
		2627A3A11DD3B90700010959 /* Frameworks */ = {
			isa = PBXFrameworksBuildPhase;
			buildActionMask = 2147483647;
			files = (
				26F42D371DD3CA5F000BEDB6 /* CoreLocation.framework in Frameworks */,
				920D35B8EE78BED0AE030E74 /* Pods_ChargingStations.framework in Frameworks */,
			);
			runOnlyForDeploymentPostprocessing = 0;
		};
		2627A3B51DD3B90700010959 /* Frameworks */ = {
			isa = PBXFrameworksBuildPhase;
			buildActionMask = 2147483647;
			files = (
				0763F4AA35CA49D2618F34D7 /* Pods_ChargingStationsTests.framework in Frameworks */,
			);
			runOnlyForDeploymentPostprocessing = 0;
		};
/* End PBXFrameworksBuildPhase section */

/* Begin PBXGroup section */
		2627A39B1DD3B90700010959 = {
			isa = PBXGroup;
			children = (
				2627A3A61DD3B90700010959 /* ChargingStations */,
				2627A3BB1DD3B90700010959 /* ChargingStationsTests */,
				2627A3A51DD3B90700010959 /* Products */,
				B59380F47E63EA9FB311E3CD /* Pods */,
				9C153DA4FD7FC35E64BE0A3A /* Frameworks */,
			);
			sourceTree = "<group>";
		};
		2627A3A51DD3B90700010959 /* Products */ = {
			isa = PBXGroup;
			children = (
				2627A3A41DD3B90700010959 /* ChargingStations.app */,
				2627A3B81DD3B90700010959 /* ChargingStationsTests.xctest */,
			);
			name = Products;
			sourceTree = "<group>";
		};
		2627A3A61DD3B90700010959 /* ChargingStations */ = {
			isa = PBXGroup;
			children = (
				2627A3A71DD3B90700010959 /* AppDelegate.swift */,
				2627A3A91DD3B90700010959 /* ViewController.swift */,
				2627A3AB1DD3B90700010959 /* Main.storyboard */,
				2627A3AE1DD3B90700010959 /* Assets.xcassets */,
				2627A3B01DD3B90700010959 /* LaunchScreen.storyboard */,
				2627A3B31DD3B90700010959 /* Info.plist */,
			);
			path = ChargingStations;
			sourceTree = "<group>";
		};
		2627A3BB1DD3B90700010959 /* ChargingStationsTests */ = {
			isa = PBXGroup;
			children = (
				2627A3BC1DD3B90700010959 /* ChargingStationsTests.swift */,
				2627A3BE1DD3B90700010959 /* Info.plist */,
			);
			path = ChargingStationsTests;
			sourceTree = "<group>";
		};
		9C153DA4FD7FC35E64BE0A3A /* Frameworks */ = {
			isa = PBXGroup;
			children = (
				26F42D361DD3CA5F000BEDB6 /* CoreLocation.framework */,
				D1F478FED5F069DAA088D96A /* Pods_ChargingStations.framework */,
				85D2246EE2E11B21922A9D92 /* Pods_ChargingStationsTests.framework */,
			);
			name = Frameworks;
			sourceTree = "<group>";
		};
		B59380F47E63EA9FB311E3CD /* Pods */ = {
			isa = PBXGroup;
			children = (
				58238CB33286C98B7F136FC3 /* Pods-ChargingStations.debug.xcconfig */,
				D023F104EE86E75E2D519C4E /* Pods-ChargingStations.release.xcconfig */,
				7B0BD0B99D9081FD2B604AAA /* Pods-ChargingStationsTests.debug.xcconfig */,
				0B074A5236D8DCB040B9762F /* Pods-ChargingStationsTests.release.xcconfig */,
			);
			name = Pods;
			sourceTree = "<group>";
		};
/* End PBXGroup section */

/* Begin PBXNativeTarget section */
		2627A3A31DD3B90700010959 /* ChargingStations */ = {
			isa = PBXNativeTarget;
			buildConfigurationList = 2627A3C11DD3B90700010959 /* Build configuration list for PBXNativeTarget "ChargingStations" */;
			buildPhases = (
				1D8E06EEEFD291FB9F91598E /* [CP] Check Pods Manifest.lock */,
				2627A3A01DD3B90700010959 /* Sources */,
				2627A3A11DD3B90700010959 /* Frameworks */,
				2627A3A21DD3B90700010959 /* Resources */,
				876CA5E357C51EF465533FC7 /* [CP] Embed Pods Frameworks */,
				56C8A07C44F9DA14D74CD2B5 /* [CP] Copy Pods Resources */,
			);
			buildRules = (
			);
			dependencies = (
			);
			name = ChargingStations;
			productName = ChargingStations;
			productReference = 2627A3A41DD3B90700010959 /* ChargingStations.app */;
			productType = "com.apple.product-type.application";
		};
		2627A3B71DD3B90700010959 /* ChargingStationsTests */ = {
			isa = PBXNativeTarget;
			buildConfigurationList = 2627A3C41DD3B90700010959 /* Build configuration list for PBXNativeTarget "ChargingStationsTests" */;
			buildPhases = (
				D60554FF31C4C472E93C7F6C /* [CP] Check Pods Manifest.lock */,
				2627A3B41DD3B90700010959 /* Sources */,
				2627A3B51DD3B90700010959 /* Frameworks */,
				2627A3B61DD3B90700010959 /* Resources */,
				B4E39D55A3B7865956D6863C /* [CP] Embed Pods Frameworks */,
				C356E185425332F2F00FB25A /* [CP] Copy Pods Resources */,
			);
			buildRules = (
			);
			dependencies = (
				2627A3BA1DD3B90700010959 /* PBXTargetDependency */,
			);
			name = ChargingStationsTests;
			productName = ChargingStationsTests;
			productReference = 2627A3B81DD3B90700010959 /* ChargingStationsTests.xctest */;
			productType = "com.apple.product-type.bundle.unit-test";
		};
/* End PBXNativeTarget section */

/* Begin PBXProject section */
		2627A39C1DD3B90700010959 /* Project object */ = {
			isa = PBXProject;
			attributes = {
				LastSwiftUpdateCheck = 0810;
				LastUpgradeCheck = 0810;
				ORGANIZATIONNAME = "Tommy Gaessler";
				TargetAttributes = {
					2627A3A31DD3B90700010959 = {
						CreatedOnToolsVersion = 8.1;
						DevelopmentTeam = KWQZHFS39B;
						ProvisioningStyle = Automatic;
					};
					2627A3B71DD3B90700010959 = {
						CreatedOnToolsVersion = 8.1;
						ProvisioningStyle = Automatic;
						TestTargetID = 2627A3A31DD3B90700010959;
					};
				};
			};
			buildConfigurationList = 2627A39F1DD3B90700010959 /* Build configuration list for PBXProject "ChargingStations" */;
			compatibilityVersion = "Xcode 3.2";
			developmentRegion = English;
			hasScannedForEncodings = 0;
			knownRegions = (
				en,
				Base,
			);
			mainGroup = 2627A39B1DD3B90700010959;
			productRefGroup = 2627A3A51DD3B90700010959 /* Products */;
			projectDirPath = "";
			projectRoot = "";
			targets = (
				2627A3A31DD3B90700010959 /* ChargingStations */,
				2627A3B71DD3B90700010959 /* ChargingStationsTests */,
			);
		};
/* End PBXProject section */

/* Begin PBXResourcesBuildPhase section */
		2627A3A21DD3B90700010959 /* Resources */ = {
			isa = PBXResourcesBuildPhase;
			buildActionMask = 2147483647;
			files = (
				2627A3B21DD3B90700010959 /* LaunchScreen.storyboard in Resources */,
				2627A3AF1DD3B90700010959 /* Assets.xcassets in Resources */,
				2627A3AD1DD3B90700010959 /* Main.storyboard in Resources */,
			);
			runOnlyForDeploymentPostprocessing = 0;
		};
		2627A3B61DD3B90700010959 /* Resources */ = {
			isa = PBXResourcesBuildPhase;
			buildActionMask = 2147483647;
			files = (
			);
			runOnlyForDeploymentPostprocessing = 0;
		};
/* End PBXResourcesBuildPhase section */

/* Begin PBXShellScriptBuildPhase section */
		1D8E06EEEFD291FB9F91598E /* [CP] Check Pods Manifest.lock */ = {
			isa = PBXShellScriptBuildPhase;
			buildActionMask = 2147483647;
			files = (
			);
			inputPaths = (
			);
			name = "[CP] Check Pods Manifest.lock";
			outputPaths = (
			);
			runOnlyForDeploymentPostprocessing = 0;
			shellPath = /bin/sh;
			shellScript = "diff \"${PODS_ROOT}/../Podfile.lock\" \"${PODS_ROOT}/Manifest.lock\" > /dev/null\nif [ $? != 0 ] ; then\n    # print error to STDERR\n    echo \"error: The sandbox is not in sync with the Podfile.lock. Run 'pod install' or update your CocoaPods installation.\" >&2\n    exit 1\nfi\n";
			showEnvVarsInLog = 0;
		};
		56C8A07C44F9DA14D74CD2B5 /* [CP] Copy Pods Resources */ = {
			isa = PBXShellScriptBuildPhase;
			buildActionMask = 2147483647;
			files = (
			);
			inputPaths = (
			);
			name = "[CP] Copy Pods Resources";
			outputPaths = (
			);
			runOnlyForDeploymentPostprocessing = 0;
			shellPath = /bin/sh;
			shellScript = "\"${SRCROOT}/Pods/Target Support Files/Pods-ChargingStations/Pods-ChargingStations-resources.sh\"\n";
			showEnvVarsInLog = 0;
		};
		876CA5E357C51EF465533FC7 /* [CP] Embed Pods Frameworks */ = {
			isa = PBXShellScriptBuildPhase;
			buildActionMask = 2147483647;
			files = (
			);
			inputPaths = (
			);
			name = "[CP] Embed Pods Frameworks";
			outputPaths = (
			);
			runOnlyForDeploymentPostprocessing = 0;
			shellPath = /bin/sh;
			shellScript = "\"${SRCROOT}/Pods/Target Support Files/Pods-ChargingStations/Pods-ChargingStations-frameworks.sh\"\n";
			showEnvVarsInLog = 0;
		};
		B4E39D55A3B7865956D6863C /* [CP] Embed Pods Frameworks */ = {
			isa = PBXShellScriptBuildPhase;
			buildActionMask = 2147483647;
			files = (
			);
			inputPaths = (
			);
			name = "[CP] Embed Pods Frameworks";
			outputPaths = (
			);
			runOnlyForDeploymentPostprocessing = 0;
			shellPath = /bin/sh;
			shellScript = "\"${SRCROOT}/Pods/Target Support Files/Pods-ChargingStationsTests/Pods-ChargingStationsTests-frameworks.sh\"\n";
			showEnvVarsInLog = 0;
		};
		C356E185425332F2F00FB25A /* [CP] Copy Pods Resources */ = {
			isa = PBXShellScriptBuildPhase;
			buildActionMask = 2147483647;
			files = (
			);
			inputPaths = (
			);
			name = "[CP] Copy Pods Resources";
			outputPaths = (
			);
			runOnlyForDeploymentPostprocessing = 0;
			shellPath = /bin/sh;
			shellScript = "\"${SRCROOT}/Pods/Target Support Files/Pods-ChargingStationsTests/Pods-ChargingStationsTests-resources.sh\"\n";
			showEnvVarsInLog = 0;
		};
		D60554FF31C4C472E93C7F6C /* [CP] Check Pods Manifest.lock */ = {
			isa = PBXShellScriptBuildPhase;
			buildActionMask = 2147483647;
			files = (
			);
			inputPaths = (
			);
			name = "[CP] Check Pods Manifest.lock";
			outputPaths = (
			);
			runOnlyForDeploymentPostprocessing = 0;
			shellPath = /bin/sh;
			shellScript = "diff \"${PODS_ROOT}/../Podfile.lock\" \"${PODS_ROOT}/Manifest.lock\" > /dev/null\nif [ $? != 0 ] ; then\n    # print error to STDERR\n    echo \"error: The sandbox is not in sync with the Podfile.lock. Run 'pod install' or update your CocoaPods installation.\" >&2\n    exit 1\nfi\n";
			showEnvVarsInLog = 0;
		};
/* End PBXShellScriptBuildPhase section */

/* Begin PBXSourcesBuildPhase section */
		2627A3A01DD3B90700010959 /* Sources */ = {
			isa = PBXSourcesBuildPhase;
			buildActionMask = 2147483647;
			files = (
				2627A3AA1DD3B90700010959 /* ViewController.swift in Sources */,
				2627A3A81DD3B90700010959 /* AppDelegate.swift in Sources */,
			);
			runOnlyForDeploymentPostprocessing = 0;
		};
		2627A3B41DD3B90700010959 /* Sources */ = {
			isa = PBXSourcesBuildPhase;
			buildActionMask = 2147483647;
			files = (
				2627A3BD1DD3B90700010959 /* ChargingStationsTests.swift in Sources */,
			);
			runOnlyForDeploymentPostprocessing = 0;
		};
/* End PBXSourcesBuildPhase section */

/* Begin PBXTargetDependency section */
		2627A3BA1DD3B90700010959 /* PBXTargetDependency */ = {
			isa = PBXTargetDependency;
			target = 2627A3A31DD3B90700010959 /* ChargingStations */;
			targetProxy = 2627A3B91DD3B90700010959 /* PBXContainerItemProxy */;
		};
/* End PBXTargetDependency section */

/* Begin PBXVariantGroup section */
		2627A3AB1DD3B90700010959 /* Main.storyboard */ = {
			isa = PBXVariantGroup;
			children = (
				2627A3AC1DD3B90700010959 /* Base */,
			);
			name = Main.storyboard;
			sourceTree = "<group>";
		};
		2627A3B01DD3B90700010959 /* LaunchScreen.storyboard */ = {
			isa = PBXVariantGroup;
			children = (
				2627A3B11DD3B90700010959 /* Base */,
			);
			name = LaunchScreen.storyboard;
			sourceTree = "<group>";
		};
/* End PBXVariantGroup section */

/* Begin XCBuildConfiguration section */
		2627A3BF1DD3B90700010959 /* Debug */ = {
			isa = XCBuildConfiguration;
			buildSettings = {
				ALWAYS_SEARCH_USER_PATHS = NO;
				CLANG_ANALYZER_NONNULL = YES;
				CLANG_CXX_LANGUAGE_STANDARD = "gnu++0x";
				CLANG_CXX_LIBRARY = "libc++";
				CLANG_ENABLE_MODULES = YES;
				CLANG_ENABLE_OBJC_ARC = YES;
				CLANG_WARN_BOOL_CONVERSION = YES;
				CLANG_WARN_CONSTANT_CONVERSION = YES;
				CLANG_WARN_DIRECT_OBJC_ISA_USAGE = YES_ERROR;
				CLANG_WARN_DOCUMENTATION_COMMENTS = YES;
				CLANG_WARN_EMPTY_BODY = YES;
				CLANG_WARN_ENUM_CONVERSION = YES;
				CLANG_WARN_INFINITE_RECURSION = YES;
				CLANG_WARN_INT_CONVERSION = YES;
				CLANG_WARN_OBJC_ROOT_CLASS = YES_ERROR;
				CLANG_WARN_SUSPICIOUS_MOVE = YES;
				CLANG_WARN_SUSPICIOUS_MOVES = YES;
				CLANG_WARN_UNREACHABLE_CODE = YES;
				CLANG_WARN__DUPLICATE_METHOD_MATCH = YES;
				CODE_SIGN_IDENTITY = "iPhone Developer";
				"CODE_SIGN_IDENTITY[sdk=iphoneos*]" = "iPhone Developer";
				COPY_PHASE_STRIP = NO;
				DEBUG_INFORMATION_FORMAT = dwarf;
				ENABLE_STRICT_OBJC_MSGSEND = YES;
				ENABLE_TESTABILITY = YES;
				GCC_C_LANGUAGE_STANDARD = gnu99;
				GCC_DYNAMIC_NO_PIC = NO;
				GCC_NO_COMMON_BLOCKS = YES;
				GCC_OPTIMIZATION_LEVEL = 0;
				GCC_PREPROCESSOR_DEFINITIONS = (
					"DEBUG=1",
					"$(inherited)",
				);
				GCC_WARN_64_TO_32_BIT_CONVERSION = YES;
				GCC_WARN_ABOUT_RETURN_TYPE = YES_ERROR;
				GCC_WARN_UNDECLARED_SELECTOR = YES;
				GCC_WARN_UNINITIALIZED_AUTOS = YES_AGGRESSIVE;
				GCC_WARN_UNUSED_FUNCTION = YES;
				GCC_WARN_UNUSED_VARIABLE = YES;
				IPHONEOS_DEPLOYMENT_TARGET = 10.1;
				MTL_ENABLE_DEBUG_INFO = YES;
				ONLY_ACTIVE_ARCH = NO;
				SDKROOT = iphoneos;
				SWIFT_ACTIVE_COMPILATION_CONDITIONS = DEBUG;
				SWIFT_OPTIMIZATION_LEVEL = "-Onone";
				TARGETED_DEVICE_FAMILY = "1,2";
			};
			name = Debug;
		};
		2627A3C01DD3B90700010959 /* Release */ = {
			isa = XCBuildConfiguration;
			buildSettings = {
				ALWAYS_SEARCH_USER_PATHS = NO;
				CLANG_ANALYZER_NONNULL = YES;
				CLANG_CXX_LANGUAGE_STANDARD = "gnu++0x";
				CLANG_CXX_LIBRARY = "libc++";
				CLANG_ENABLE_MODULES = YES;
				CLANG_ENABLE_OBJC_ARC = YES;
				CLANG_WARN_BOOL_CONVERSION = YES;
				CLANG_WARN_CONSTANT_CONVERSION = YES;
				CLANG_WARN_DIRECT_OBJC_ISA_USAGE = YES_ERROR;
				CLANG_WARN_DOCUMENTATION_COMMENTS = YES;
				CLANG_WARN_EMPTY_BODY = YES;
				CLANG_WARN_ENUM_CONVERSION = YES;
				CLANG_WARN_INFINITE_RECURSION = YES;
				CLANG_WARN_INT_CONVERSION = YES;
				CLANG_WARN_OBJC_ROOT_CLASS = YES_ERROR;
				CLANG_WARN_SUSPICIOUS_MOVE = YES;
				CLANG_WARN_SUSPICIOUS_MOVES = YES;
				CLANG_WARN_UNREACHABLE_CODE = YES;
				CLANG_WARN__DUPLICATE_METHOD_MATCH = YES;
				CODE_SIGN_IDENTITY = "iPhone Developer";
				"CODE_SIGN_IDENTITY[sdk=iphoneos*]" = "iPhone Developer";
				COPY_PHASE_STRIP = NO;
				DEBUG_INFORMATION_FORMAT = "dwarf-with-dsym";
				ENABLE_NS_ASSERTIONS = NO;
				ENABLE_STRICT_OBJC_MSGSEND = YES;
				GCC_C_LANGUAGE_STANDARD = gnu99;
				GCC_NO_COMMON_BLOCKS = YES;
				GCC_WARN_64_TO_32_BIT_CONVERSION = YES;
				GCC_WARN_ABOUT_RETURN_TYPE = YES_ERROR;
				GCC_WARN_UNDECLARED_SELECTOR = YES;
				GCC_WARN_UNINITIALIZED_AUTOS = YES_AGGRESSIVE;
				GCC_WARN_UNUSED_FUNCTION = YES;
				GCC_WARN_UNUSED_VARIABLE = YES;
				IPHONEOS_DEPLOYMENT_TARGET = 10.1;
				MTL_ENABLE_DEBUG_INFO = NO;
				ONLY_ACTIVE_ARCH = NO;
				SDKROOT = iphoneos;
				SWIFT_OPTIMIZATION_LEVEL = "-Owholemodule";
				TARGETED_DEVICE_FAMILY = "1,2";
				VALIDATE_PRODUCT = YES;
			};
			name = Release;
		};
		2627A3C21DD3B90700010959 /* Debug */ = {
			isa = XCBuildConfiguration;
			baseConfigurationReference = 58238CB33286C98B7F136FC3 /* Pods-ChargingStations.debug.xcconfig */;
			buildSettings = {
				ALWAYS_EMBED_SWIFT_STANDARD_LIBRARIES = YES;
				ASSETCATALOG_COMPILER_APPICON_NAME = AppIcon;
				DEVELOPMENT_TEAM = KWQZHFS39B;
				INFOPLIST_FILE = ChargingStations/Info.plist;
				LD_RUNPATH_SEARCH_PATHS = "$(inherited) @executable_path/Frameworks";
				ONLY_ACTIVE_ARCH = YES;
				PRODUCT_BUNDLE_IDENTIFIER = com.example.ChargingStations;
				PRODUCT_NAME = "$(TARGET_NAME)";
				SWIFT_VERSION = 3.0;
			};
			name = Debug;
		};
		2627A3C31DD3B90700010959 /* Release */ = {
			isa = XCBuildConfiguration;
			baseConfigurationReference = D023F104EE86E75E2D519C4E /* Pods-ChargingStations.release.xcconfig */;
			buildSettings = {
				ALWAYS_EMBED_SWIFT_STANDARD_LIBRARIES = YES;
				ASSETCATALOG_COMPILER_APPICON_NAME = AppIcon;
				DEVELOPMENT_TEAM = KWQZHFS39B;
				INFOPLIST_FILE = ChargingStations/Info.plist;
				LD_RUNPATH_SEARCH_PATHS = "$(inherited) @executable_path/Frameworks";
				PRODUCT_BUNDLE_IDENTIFIER = com.example.ChargingStations;
				PRODUCT_NAME = "$(TARGET_NAME)";
				SWIFT_VERSION = 3.0;
			};
			name = Release;
		};
		2627A3C51DD3B90700010959 /* Debug */ = {
			isa = XCBuildConfiguration;
			baseConfigurationReference = 7B0BD0B99D9081FD2B604AAA /* Pods-ChargingStationsTests.debug.xcconfig */;
			buildSettings = {
				ALWAYS_EMBED_SWIFT_STANDARD_LIBRARIES = YES;
				BUNDLE_LOADER = "$(TEST_HOST)";
				INFOPLIST_FILE = ChargingStationsTests/Info.plist;
				LD_RUNPATH_SEARCH_PATHS = "$(inherited) @executable_path/Frameworks @loader_path/Frameworks";
				PRODUCT_BUNDLE_IDENTIFIER = com.example.ChargingStationsTests;
				PRODUCT_NAME = "$(TARGET_NAME)";
				SWIFT_VERSION = 3.0;
				TEST_HOST = "$(BUILT_PRODUCTS_DIR)/ChargingStations.app/ChargingStations";
			};
			name = Debug;
		};
		2627A3C61DD3B90700010959 /* Release */ = {
			isa = XCBuildConfiguration;
			baseConfigurationReference = 0B074A5236D8DCB040B9762F /* Pods-ChargingStationsTests.release.xcconfig */;
			buildSettings = {
				ALWAYS_EMBED_SWIFT_STANDARD_LIBRARIES = YES;
				BUNDLE_LOADER = "$(TEST_HOST)";
				INFOPLIST_FILE = ChargingStationsTests/Info.plist;
				LD_RUNPATH_SEARCH_PATHS = "$(inherited) @executable_path/Frameworks @loader_path/Frameworks";
				PRODUCT_BUNDLE_IDENTIFIER = com.example.ChargingStationsTests;
				PRODUCT_NAME = "$(TARGET_NAME)";
				SWIFT_VERSION = 3.0;
				TEST_HOST = "$(BUILT_PRODUCTS_DIR)/ChargingStations.app/ChargingStations";
			};
			name = Release;
		};
/* End XCBuildConfiguration section */

/* Begin XCConfigurationList section */
		2627A39F1DD3B90700010959 /* Build configuration list for PBXProject "ChargingStations" */ = {
			isa = XCConfigurationList;
			buildConfigurations = (
				2627A3BF1DD3B90700010959 /* Debug */,
				2627A3C01DD3B90700010959 /* Release */,
			);
			defaultConfigurationIsVisible = 0;
			defaultConfigurationName = Release;
		};
		2627A3C11DD3B90700010959 /* Build configuration list for PBXNativeTarget "ChargingStations" */ = {
			isa = XCConfigurationList;
			buildConfigurations = (
				2627A3C21DD3B90700010959 /* Debug */,
				2627A3C31DD3B90700010959 /* Release */,
			);
			defaultConfigurationIsVisible = 0;
			defaultConfigurationName = Release;
		};
		2627A3C41DD3B90700010959 /* Build configuration list for PBXNativeTarget "ChargingStationsTests" */ = {
			isa = XCConfigurationList;
			buildConfigurations = (
				2627A3C51DD3B90700010959 /* Debug */,
				2627A3C61DD3B90700010959 /* Release */,
			);
			defaultConfigurationIsVisible = 0;
			defaultConfigurationName = Release;
		};
/* End XCConfigurationList section */
	};
	rootObject = 2627A39C1DD3B90700010959 /* Project object */;
}
